// !$*UTF8*$!
{
	archiveVersion = 1;
	classes = {
	};
	objectVersion = 50;
	objects = {

/* Begin PBXBuildFile section */
		42ACD8F1215A668400BFF560 /* GoogleService-Info.plist in Resources */ = {isa = PBXBuildFile; fileRef = 42ACD8F0215A668400BFF560 /* GoogleService-Info.plist */; };
		D0BCE47421525913000BCF86 /* AppDelegate.swift in Sources */ = {isa = PBXBuildFile; fileRef = D0BCE47321525913000BCF86 /* AppDelegate.swift */; };
		D0BCE47621525913000BCF86 /* ViewController.swift in Sources */ = {isa = PBXBuildFile; fileRef = D0BCE47521525913000BCF86 /* ViewController.swift */; };
		D0BCE47921525913000BCF86 /* Main.storyboard in Resources */ = {isa = PBXBuildFile; fileRef = D0BCE47721525913000BCF86 /* Main.storyboard */; };
		D0BCE47B21525914000BCF86 /* Assets.xcassets in Resources */ = {isa = PBXBuildFile; fileRef = D0BCE47A21525914000BCF86 /* Assets.xcassets */; };
		D0BCE47E21525914000BCF86 /* LaunchScreen.storyboard in Resources */ = {isa = PBXBuildFile; fileRef = D0BCE47C21525914000BCF86 /* LaunchScreen.storyboard */; };
		D0BCE48921525914000BCF86 /* TravelBros2Tests.swift in Sources */ = {isa = PBXBuildFile; fileRef = D0BCE48821525914000BCF86 /* TravelBros2Tests.swift */; };
		D0BCE49421525914000BCF86 /* TravelBros2UITests.swift in Sources */ = {isa = PBXBuildFile; fileRef = D0BCE49321525914000BCF86 /* TravelBros2UITests.swift */; };
/* End PBXBuildFile section */

/* Begin PBXContainerItemProxy section */
		D0BCE48521525914000BCF86 /* PBXContainerItemProxy */ = {
			isa = PBXContainerItemProxy;
			containerPortal = D0BCE46821525913000BCF86 /* Project object */;
			proxyType = 1;
			remoteGlobalIDString = D0BCE46F21525913000BCF86;
			remoteInfo = TravelBros2;
		};
		D0BCE49021525914000BCF86 /* PBXContainerItemProxy */ = {
			isa = PBXContainerItemProxy;
			containerPortal = D0BCE46821525913000BCF86 /* Project object */;
			proxyType = 1;
			remoteGlobalIDString = D0BCE46F21525913000BCF86;
			remoteInfo = TravelBros2;
		};
/* End PBXContainerItemProxy section */

/* Begin PBXFileReference section */
		42ACD8F0215A668400BFF560 /* GoogleService-Info.plist */ = {isa = PBXFileReference; fileEncoding = 4; lastKnownFileType = text.plist.xml; path = "GoogleService-Info.plist"; sourceTree = SOURCE_ROOT; };
		D0BCE47021525913000BCF86 /* TravelBros2.app */ = {isa = PBXFileReference; explicitFileType = wrapper.application; includeInIndex = 0; path = TravelBros2.app; sourceTree = BUILT_PRODUCTS_DIR; };
		D0BCE47321525913000BCF86 /* AppDelegate.swift */ = {isa = PBXFileReference; lastKnownFileType = sourcecode.swift; path = AppDelegate.swift; sourceTree = "<group>"; };
		D0BCE47521525913000BCF86 /* ViewController.swift */ = {isa = PBXFileReference; lastKnownFileType = sourcecode.swift; path = ViewController.swift; sourceTree = "<group>"; };
		D0BCE47821525913000BCF86 /* Base */ = {isa = PBXFileReference; lastKnownFileType = file.storyboard; name = Base; path = Base.lproj/Main.storyboard; sourceTree = "<group>"; };
		D0BCE47A21525914000BCF86 /* Assets.xcassets */ = {isa = PBXFileReference; lastKnownFileType = folder.assetcatalog; path = Assets.xcassets; sourceTree = "<group>"; };
		D0BCE47D21525914000BCF86 /* Base */ = {isa = PBXFileReference; lastKnownFileType = file.storyboard; name = Base; path = Base.lproj/LaunchScreen.storyboard; sourceTree = "<group>"; };
		D0BCE47F21525914000BCF86 /* Info.plist */ = {isa = PBXFileReference; lastKnownFileType = text.plist.xml; path = Info.plist; sourceTree = "<group>"; };
		D0BCE48421525914000BCF86 /* TravelBros2Tests.xctest */ = {isa = PBXFileReference; explicitFileType = wrapper.cfbundle; includeInIndex = 0; path = TravelBros2Tests.xctest; sourceTree = BUILT_PRODUCTS_DIR; };
		D0BCE48821525914000BCF86 /* TravelBros2Tests.swift */ = {isa = PBXFileReference; lastKnownFileType = sourcecode.swift; path = TravelBros2Tests.swift; sourceTree = "<group>"; };
		D0BCE48A21525914000BCF86 /* Info.plist */ = {isa = PBXFileReference; lastKnownFileType = text.plist.xml; path = Info.plist; sourceTree = "<group>"; };
		D0BCE48F21525914000BCF86 /* TravelBros2UITests.xctest */ = {isa = PBXFileReference; explicitFileType = wrapper.cfbundle; includeInIndex = 0; path = TravelBros2UITests.xctest; sourceTree = BUILT_PRODUCTS_DIR; };
		D0BCE49321525914000BCF86 /* TravelBros2UITests.swift */ = {isa = PBXFileReference; lastKnownFileType = sourcecode.swift; path = TravelBros2UITests.swift; sourceTree = "<group>"; };
		D0BCE49521525914000BCF86 /* Info.plist */ = {isa = PBXFileReference; lastKnownFileType = text.plist.xml; path = Info.plist; sourceTree = "<group>"; };
/* End PBXFileReference section */

/* Begin PBXFrameworksBuildPhase section */
		D0BCE46D21525913000BCF86 /* Frameworks */ = {
			isa = PBXFrameworksBuildPhase;
			buildActionMask = 2147483647;
			files = (
			);
			runOnlyForDeploymentPostprocessing = 0;
		};
		D0BCE48121525914000BCF86 /* Frameworks */ = {
			isa = PBXFrameworksBuildPhase;
			buildActionMask = 2147483647;
			files = (
			);
			runOnlyForDeploymentPostprocessing = 0;
		};
		D0BCE48C21525914000BCF86 /* Frameworks */ = {
			isa = PBXFrameworksBuildPhase;
			buildActionMask = 2147483647;
			files = (
			);
			runOnlyForDeploymentPostprocessing = 0;
		};
/* End PBXFrameworksBuildPhase section */

/* Begin PBXGroup section */
		D0BCE46721525913000BCF86 = {
			isa = PBXGroup;
			children = (
				D0BCE47221525913000BCF86 /* TravelBros2 */,
				D0BCE48721525914000BCF86 /* TravelBros2Tests */,
				D0BCE49221525914000BCF86 /* TravelBros2UITests */,
				D0BCE47121525913000BCF86 /* Products */,
			);
			sourceTree = "<group>";
		};
		D0BCE47121525913000BCF86 /* Products */ = {
			isa = PBXGroup;
			children = (
				D0BCE47021525913000BCF86 /* TravelBros2.app */,
				D0BCE48421525914000BCF86 /* TravelBros2Tests.xctest */,
				D0BCE48F21525914000BCF86 /* TravelBros2UITests.xctest */,
			);
			name = Products;
			sourceTree = "<group>";
		};
		D0BCE47221525913000BCF86 /* TravelBros2 */ = {
			isa = PBXGroup;
			children = (
				D0BCE47321525913000BCF86 /* AppDelegate.swift */,
				D0BCE47521525913000BCF86 /* ViewController.swift */,
				D0BCE47721525913000BCF86 /* Main.storyboard */,
				D0BCE47A21525914000BCF86 /* Assets.xcassets */,
				D0BCE47C21525914000BCF86 /* LaunchScreen.storyboard */,
				D0BCE47F21525914000BCF86 /* Info.plist */,
				42ACD8F0215A668400BFF560 /* GoogleService-Info.plist */,
			);
			path = TravelBros2;
			sourceTree = "<group>";
		};
		D0BCE48721525914000BCF86 /* TravelBros2Tests */ = {
			isa = PBXGroup;
			children = (
				D0BCE48821525914000BCF86 /* TravelBros2Tests.swift */,
				D0BCE48A21525914000BCF86 /* Info.plist */,
			);
			path = TravelBros2Tests;
			sourceTree = "<group>";
		};
		D0BCE49221525914000BCF86 /* TravelBros2UITests */ = {
			isa = PBXGroup;
			children = (
				D0BCE49321525914000BCF86 /* TravelBros2UITests.swift */,
				D0BCE49521525914000BCF86 /* Info.plist */,
			);
			path = TravelBros2UITests;
			sourceTree = "<group>";
		};
/* End PBXGroup section */

/* Begin PBXNativeTarget section */
		D0BCE46F21525913000BCF86 /* TravelBros2 */ = {
			isa = PBXNativeTarget;
			buildConfigurationList = D0BCE49821525914000BCF86 /* Build configuration list for PBXNativeTarget "TravelBros2" */;
			buildPhases = (
				D0BCE46C21525913000BCF86 /* Sources */,
				D0BCE46D21525913000BCF86 /* Frameworks */,
				D0BCE46E21525913000BCF86 /* Resources */,
			);
			buildRules = (
			);
			dependencies = (
			);
			name = TravelBros2;
			productName = TravelBros2;
			productReference = D0BCE47021525913000BCF86 /* TravelBros2.app */;
			productType = "com.apple.product-type.application";
		};
		D0BCE48321525914000BCF86 /* TravelBros2Tests */ = {
			isa = PBXNativeTarget;
			buildConfigurationList = D0BCE49B21525914000BCF86 /* Build configuration list for PBXNativeTarget "TravelBros2Tests" */;
			buildPhases = (
				D0BCE48021525914000BCF86 /* Sources */,
				D0BCE48121525914000BCF86 /* Frameworks */,
				D0BCE48221525914000BCF86 /* Resources */,
			);
			buildRules = (
			);
			dependencies = (
				D0BCE48621525914000BCF86 /* PBXTargetDependency */,
			);
			name = TravelBros2Tests;
			productName = TravelBros2Tests;
			productReference = D0BCE48421525914000BCF86 /* TravelBros2Tests.xctest */;
			productType = "com.apple.product-type.bundle.unit-test";
		};
		D0BCE48E21525914000BCF86 /* TravelBros2UITests */ = {
			isa = PBXNativeTarget;
			buildConfigurationList = D0BCE49E21525914000BCF86 /* Build configuration list for PBXNativeTarget "TravelBros2UITests" */;
			buildPhases = (
				D0BCE48B21525914000BCF86 /* Sources */,
				D0BCE48C21525914000BCF86 /* Frameworks */,
				D0BCE48D21525914000BCF86 /* Resources */,
			);
			buildRules = (
			);
			dependencies = (
				D0BCE49121525914000BCF86 /* PBXTargetDependency */,
			);
			name = TravelBros2UITests;
			productName = TravelBros2UITests;
			productReference = D0BCE48F21525914000BCF86 /* TravelBros2UITests.xctest */;
			productType = "com.apple.product-type.bundle.ui-testing";
		};
/* End PBXNativeTarget section */

/* Begin PBXProject section */
		D0BCE46821525913000BCF86 /* Project object */ = {
			isa = PBXProject;
			attributes = {
				LastSwiftUpdateCheck = 0940;
				LastUpgradeCheck = 0940;
				ORGANIZATIONNAME = Bros;
				TargetAttributes = {
					D0BCE46F21525913000BCF86 = {
						CreatedOnToolsVersion = 9.4.1;
					};
					D0BCE48321525914000BCF86 = {
						CreatedOnToolsVersion = 9.4.1;
						TestTargetID = D0BCE46F21525913000BCF86;
					};
					D0BCE48E21525914000BCF86 = {
						CreatedOnToolsVersion = 9.4.1;
						TestTargetID = D0BCE46F21525913000BCF86;
					};
				};
			};
			buildConfigurationList = D0BCE46B21525913000BCF86 /* Build configuration list for PBXProject "TravelBros2" */;
			compatibilityVersion = "Xcode 9.3";
			developmentRegion = en;
			hasScannedForEncodings = 0;
			knownRegions = (
				en,
				Base,
			);
			mainGroup = D0BCE46721525913000BCF86;
			productRefGroup = D0BCE47121525913000BCF86 /* Products */;
			projectDirPath = "";
			projectRoot = "";
			targets = (
				D0BCE46F21525913000BCF86 /* TravelBros2 */,
				D0BCE48321525914000BCF86 /* TravelBros2Tests */,
				D0BCE48E21525914000BCF86 /* TravelBros2UITests */,
			);
		};
/* End PBXProject section */

/* Begin PBXResourcesBuildPhase section */
		D0BCE46E21525913000BCF86 /* Resources */ = {
			isa = PBXResourcesBuildPhase;
			buildActionMask = 2147483647;
			files = (
				D0BCE47E21525914000BCF86 /* LaunchScreen.storyboard in Resources */,
				42ACD8F1215A668400BFF560 /* GoogleService-Info.plist in Resources */,
				D0BCE47B21525914000BCF86 /* Assets.xcassets in Resources */,
				D0BCE47921525913000BCF86 /* Main.storyboard in Resources */,
			);
			runOnlyForDeploymentPostprocessing = 0;
		};
		D0BCE48221525914000BCF86 /* Resources */ = {
			isa = PBXResourcesBuildPhase;
			buildActionMask = 2147483647;
			files = (
			);
			runOnlyForDeploymentPostprocessing = 0;
		};
		D0BCE48D21525914000BCF86 /* Resources */ = {
			isa = PBXResourcesBuildPhase;
			buildActionMask = 2147483647;
			files = (
			);
			runOnlyForDeploymentPostprocessing = 0;
		};
/* End PBXResourcesBuildPhase section */

/* Begin PBXSourcesBuildPhase section */
		D0BCE46C21525913000BCF86 /* Sources */ = {
			isa = PBXSourcesBuildPhase;
			buildActionMask = 2147483647;
			files = (
				D0BCE47621525913000BCF86 /* ViewController.swift in Sources */,
				D0BCE47421525913000BCF86 /* AppDelegate.swift in Sources */,
			);
			runOnlyForDeploymentPostprocessing = 0;
		};
		D0BCE48021525914000BCF86 /* Sources */ = {
			isa = PBXSourcesBuildPhase;
			buildActionMask = 2147483647;
			files = (
				D0BCE48921525914000BCF86 /* TravelBros2Tests.swift in Sources */,
			);
			runOnlyForDeploymentPostprocessing = 0;
		};
		D0BCE48B21525914000BCF86 /* Sources */ = {
			isa = PBXSourcesBuildPhase;
			buildActionMask = 2147483647;
			files = (
				D0BCE49421525914000BCF86 /* TravelBros2UITests.swift in Sources */,
			);
			runOnlyForDeploymentPostprocessing = 0;
		};
/* End PBXSourcesBuildPhase section */

/* Begin PBXTargetDependency section */
		D0BCE48621525914000BCF86 /* PBXTargetDependency */ = {
			isa = PBXTargetDependency;
			target = D0BCE46F21525913000BCF86 /* TravelBros2 */;
			targetProxy = D0BCE48521525914000BCF86 /* PBXContainerItemProxy */;
		};
		D0BCE49121525914000BCF86 /* PBXTargetDependency */ = {
			isa = PBXTargetDependency;
			target = D0BCE46F21525913000BCF86 /* TravelBros2 */;
			targetProxy = D0BCE49021525914000BCF86 /* PBXContainerItemProxy */;
		};
/* End PBXTargetDependency section */

/* Begin PBXVariantGroup section */
		D0BCE47721525913000BCF86 /* Main.storyboard */ = {
			isa = PBXVariantGroup;
			children = (
				D0BCE47821525913000BCF86 /* Base */,
			);
			name = Main.storyboard;
			sourceTree = "<group>";
		};
		D0BCE47C21525914000BCF86 /* LaunchScreen.storyboard */ = {
			isa = PBXVariantGroup;
			children = (
				D0BCE47D21525914000BCF86 /* Base */,
			);
			name = LaunchScreen.storyboard;
			sourceTree = "<group>";
		};
/* End PBXVariantGroup section */

/* Begin XCBuildConfiguration section */
		D0BCE49621525914000BCF86 /* Debug */ = {
			isa = XCBuildConfiguration;
			buildSettings = {
				ALWAYS_SEARCH_USER_PATHS = NO;
				CLANG_ANALYZER_NONNULL = YES;
				CLANG_ANALYZER_NUMBER_OBJECT_CONVERSION = YES_AGGRESSIVE;
				CLANG_CXX_LANGUAGE_STANDARD = "gnu++14";
				CLANG_CXX_LIBRARY = "libc++";
				CLANG_ENABLE_MODULES = YES;
				CLANG_ENABLE_OBJC_ARC = YES;
				CLANG_ENABLE_OBJC_WEAK = YES;
				CLANG_WARN_BLOCK_CAPTURE_AUTORELEASING = YES;
				CLANG_WARN_BOOL_CONVERSION = YES;
				CLANG_WARN_COMMA = YES;
				CLANG_WARN_CONSTANT_CONVERSION = YES;
				CLANG_WARN_DEPRECATED_OBJC_IMPLEMENTATIONS = YES;
				CLANG_WARN_DIRECT_OBJC_ISA_USAGE = YES_ERROR;
				CLANG_WARN_DOCUMENTATION_COMMENTS = YES;
				CLANG_WARN_EMPTY_BODY = YES;
				CLANG_WARN_ENUM_CONVERSION = YES;
				CLANG_WARN_INFINITE_RECURSION = YES;
				CLANG_WARN_INT_CONVERSION = YES;
				CLANG_WARN_NON_LITERAL_NULL_CONVERSION = YES;
				CLANG_WARN_OBJC_IMPLICIT_RETAIN_SELF = YES;
				CLANG_WARN_OBJC_LITERAL_CONVERSION = YES;
				CLANG_WARN_OBJC_ROOT_CLASS = YES_ERROR;
				CLANG_WARN_RANGE_LOOP_ANALYSIS = YES;
				CLANG_WARN_STRICT_PROTOTYPES = YES;
				CLANG_WARN_SUSPICIOUS_MOVE = YES;
				CLANG_WARN_UNGUARDED_AVAILABILITY = YES_AGGRESSIVE;
				CLANG_WARN_UNREACHABLE_CODE = YES;
				CLANG_WARN__DUPLICATE_METHOD_MATCH = YES;
				CODE_SIGN_IDENTITY = "iPhone Developer";
				COPY_PHASE_STRIP = NO;
				DEBUG_INFORMATION_FORMAT = dwarf;
				ENABLE_STRICT_OBJC_MSGSEND = YES;
				ENABLE_TESTABILITY = YES;
				GCC_C_LANGUAGE_STANDARD = gnu11;
				GCC_DYNAMIC_NO_PIC = NO;
				GCC_NO_COMMON_BLOCKS = YES;
				GCC_OPTIMIZATION_LEVEL = 0;
				GCC_PREPROCESSOR_DEFINITIONS = (
					"DEBUG=1",
					"$(inherited)",
				);
				GCC_WARN_64_TO_32_BIT_CONVERSION = YES;
				GCC_WARN_ABOUT_RETURN_TYPE = YES_ERROR;
				GCC_WARN_UNDECLARED_SELECTOR = YES;
				GCC_WARN_UNINITIALIZED_AUTOS = YES_AGGRESSIVE;
				GCC_WARN_UNUSED_FUNCTION = YES;
				GCC_WARN_UNUSED_VARIABLE = YES;
				IPHONEOS_DEPLOYMENT_TARGET = 11.4;
				MTL_ENABLE_DEBUG_INFO = YES;
				ONLY_ACTIVE_ARCH = YES;
				SDKROOT = iphoneos;
				SWIFT_ACTIVE_COMPILATION_CONDITIONS = DEBUG;
				SWIFT_OPTIMIZATION_LEVEL = "-Onone";
			};
			name = Debug;
		};
		D0BCE49721525914000BCF86 /* Release */ = {
			isa = XCBuildConfiguration;
			buildSettings = {
				ALWAYS_SEARCH_USER_PATHS = NO;
				CLANG_ANALYZER_NONNULL = YES;
				CLANG_ANALYZER_NUMBER_OBJECT_CONVERSION = YES_AGGRESSIVE;
				CLANG_CXX_LANGUAGE_STANDARD = "gnu++14";
				CLANG_CXX_LIBRARY = "libc++";
				CLANG_ENABLE_MODULES = YES;
				CLANG_ENABLE_OBJC_ARC = YES;
				CLANG_ENABLE_OBJC_WEAK = YES;
				CLANG_WARN_BLOCK_CAPTURE_AUTORELEASING = YES;
				CLANG_WARN_BOOL_CONVERSION = YES;
				CLANG_WARN_COMMA = YES;
				CLANG_WARN_CONSTANT_CONVERSION = YES;
				CLANG_WARN_DEPRECATED_OBJC_IMPLEMENTATIONS = YES;
				CLANG_WARN_DIRECT_OBJC_ISA_USAGE = YES_ERROR;
				CLANG_WARN_DOCUMENTATION_COMMENTS = YES;
				CLANG_WARN_EMPTY_BODY = YES;
				CLANG_WARN_ENUM_CONVERSION = YES;
				CLANG_WARN_INFINITE_RECURSION = YES;
				CLANG_WARN_INT_CONVERSION = YES;
				CLANG_WARN_NON_LITERAL_NULL_CONVERSION = YES;
				CLANG_WARN_OBJC_IMPLICIT_RETAIN_SELF = YES;
				CLANG_WARN_OBJC_LITERAL_CONVERSION = YES;
				CLANG_WARN_OBJC_ROOT_CLASS = YES_ERROR;
				CLANG_WARN_RANGE_LOOP_ANALYSIS = YES;
				CLANG_WARN_STRICT_PROTOTYPES = YES;
				CLANG_WARN_SUSPICIOUS_MOVE = YES;
				CLANG_WARN_UNGUARDED_AVAILABILITY = YES_AGGRESSIVE;
				CLANG_WARN_UNREACHABLE_CODE = YES;
				CLANG_WARN__DUPLICATE_METHOD_MATCH = YES;
				CODE_SIGN_IDENTITY = "iPhone Developer";
				COPY_PHASE_STRIP = NO;
				DEBUG_INFORMATION_FORMAT = "dwarf-with-dsym";
				ENABLE_NS_ASSERTIONS = NO;
				ENABLE_STRICT_OBJC_MSGSEND = YES;
				GCC_C_LANGUAGE_STANDARD = gnu11;
				GCC_NO_COMMON_BLOCKS = YES;
				GCC_WARN_64_TO_32_BIT_CONVERSION = YES;
				GCC_WARN_ABOUT_RETURN_TYPE = YES_ERROR;
				GCC_WARN_UNDECLARED_SELECTOR = YES;
				GCC_WARN_UNINITIALIZED_AUTOS = YES_AGGRESSIVE;
				GCC_WARN_UNUSED_FUNCTION = YES;
				GCC_WARN_UNUSED_VARIABLE = YES;
				IPHONEOS_DEPLOYMENT_TARGET = 11.4;
				MTL_ENABLE_DEBUG_INFO = NO;
				SDKROOT = iphoneos;
				SWIFT_COMPILATION_MODE = wholemodule;
				SWIFT_OPTIMIZATION_LEVEL = "-O";
				VALIDATE_PRODUCT = YES;
			};
			name = Release;
		};
		D0BCE49921525914000BCF86 /* Debug */ = {
			isa = XCBuildConfiguration;
			buildSettings = {
				ASSETCATALOG_COMPILER_APPICON_NAME = AppIcon;
				CODE_SIGN_STYLE = Automatic;
				INFOPLIST_FILE = TravelBros2/Info.plist;
				LD_RUNPATH_SEARCH_PATHS = (
					"$(inherited)",
					"@executable_path/Frameworks",
				);
				PRODUCT_BUNDLE_IDENTIFIER = Travel.TravelBros2;
				PRODUCT_NAME = "$(TARGET_NAME)";
				SWIFT_VERSION = 4.0;
				TARGETED_DEVICE_FAMILY = "1,2";
			};
			name = Debug;
		};
		D0BCE49A21525914000BCF86 /* Release */ = {
			isa = XCBuildConfiguration;
			buildSettings = {
				ASSETCATALOG_COMPILER_APPICON_NAME = AppIcon;
				CODE_SIGN_STYLE = Automatic;
				INFOPLIST_FILE = TravelBros2/Info.plist;
				LD_RUNPATH_SEARCH_PATHS = (
					"$(inherited)",
					"@executable_path/Frameworks",
				);
				PRODUCT_BUNDLE_IDENTIFIER = Travel.TravelBros2;
				PRODUCT_NAME = "$(TARGET_NAME)";
				SWIFT_VERSION = 4.0;
				TARGETED_DEVICE_FAMILY = "1,2";
			};
			name = Release;
		};
		D0BCE49C21525914000BCF86 /* Debug */ = {
			isa = XCBuildConfiguration;
			buildSettings = {
				ALWAYS_EMBED_SWIFT_STANDARD_LIBRARIES = YES;
				BUNDLE_LOADER = "$(TEST_HOST)";
				CODE_SIGN_STYLE = Automatic;
				INFOPLIST_FILE = TravelBros2Tests/Info.plist;
				LD_RUNPATH_SEARCH_PATHS = (
					"$(inherited)",
					"@executable_path/Frameworks",
					"@loader_path/Frameworks",
				);
				PRODUCT_BUNDLE_IDENTIFIER = Travel.TravelBros2Tests;
				PRODUCT_NAME = "$(TARGET_NAME)";
				SWIFT_VERSION = 4.0;
				TARGETED_DEVICE_FAMILY = "1,2";
				TEST_HOST = "$(BUILT_PRODUCTS_DIR)/TravelBros2.app/TravelBros2";
			};
			name = Debug;
		};
		D0BCE49D21525914000BCF86 /* Release */ = {
			isa = XCBuildConfiguration;
			buildSettings = {
				ALWAYS_EMBED_SWIFT_STANDARD_LIBRARIES = YES;
				BUNDLE_LOADER = "$(TEST_HOST)";
				CODE_SIGN_STYLE = Automatic;
				INFOPLIST_FILE = TravelBros2Tests/Info.plist;
				LD_RUNPATH_SEARCH_PATHS = (
					"$(inherited)",
					"@executable_path/Frameworks",
					"@loader_path/Frameworks",
				);
				PRODUCT_BUNDLE_IDENTIFIER = Travel.TravelBros2Tests;
				PRODUCT_NAME = "$(TARGET_NAME)";
				SWIFT_VERSION = 4.0;
				TARGETED_DEVICE_FAMILY = "1,2";
				TEST_HOST = "$(BUILT_PRODUCTS_DIR)/TravelBros2.app/TravelBros2";
			};
			name = Release;
		};
		D0BCE49F21525914000BCF86 /* Debug */ = {
			isa = XCBuildConfiguration;
			buildSettings = {
				ALWAYS_EMBED_SWIFT_STANDARD_LIBRARIES = YES;
				CODE_SIGN_STYLE = Automatic;
				INFOPLIST_FILE = TravelBros2UITests/Info.plist;
				LD_RUNPATH_SEARCH_PATHS = (
					"$(inherited)",
					"@executable_path/Frameworks",
					"@loader_path/Frameworks",
				);
				PRODUCT_BUNDLE_IDENTIFIER = Travel.TravelBros2UITests;
				PRODUCT_NAME = "$(TARGET_NAME)";
				SWIFT_VERSION = 4.0;
				TARGETED_DEVICE_FAMILY = "1,2";
				TEST_TARGET_NAME = TravelBros2;
			};
			name = Debug;
		};
		D0BCE4A021525914000BCF86 /* Release */ = {
			isa = XCBuildConfiguration;
			buildSettings = {
				ALWAYS_EMBED_SWIFT_STANDARD_LIBRARIES = YES;
				CODE_SIGN_STYLE = Automatic;
				INFOPLIST_FILE = TravelBros2UITests/Info.plist;
				LD_RUNPATH_SEARCH_PATHS = (
					"$(inherited)",
					"@executable_path/Frameworks",
					"@loader_path/Frameworks",
				);
				PRODUCT_BUNDLE_IDENTIFIER = Travel.TravelBros2UITests;
				PRODUCT_NAME = "$(TARGET_NAME)";
				SWIFT_VERSION = 4.0;
				TARGETED_DEVICE_FAMILY = "1,2";
				TEST_TARGET_NAME = TravelBros2;
			};
			name = Release;
		};
/* End XCBuildConfiguration section */

/* Begin XCConfigurationList section */
		D0BCE46B21525913000BCF86 /* Build configuration list for PBXProject "TravelBros2" */ = {
			isa = XCConfigurationList;
			buildConfigurations = (
				D0BCE49621525914000BCF86 /* Debug */,
				D0BCE49721525914000BCF86 /* Release */,
			);
			defaultConfigurationIsVisible = 0;
			defaultConfigurationName = Release;
		};
		D0BCE49821525914000BCF86 /* Build configuration list for PBXNativeTarget "TravelBros2" */ = {
			isa = XCConfigurationList;
			buildConfigurations = (
				D0BCE49921525914000BCF86 /* Debug */,
				D0BCE49A21525914000BCF86 /* Release */,
			);
			defaultConfigurationIsVisible = 0;
			defaultConfigurationName = Release;
		};
		D0BCE49B21525914000BCF86 /* Build configuration list for PBXNativeTarget "TravelBros2Tests" */ = {
			isa = XCConfigurationList;
			buildConfigurations = (
				D0BCE49C21525914000BCF86 /* Debug */,
				D0BCE49D21525914000BCF86 /* Release */,
			);
			defaultConfigurationIsVisible = 0;
			defaultConfigurationName = Release;
		};
		D0BCE49E21525914000BCF86 /* Build configuration list for PBXNativeTarget "TravelBros2UITests" */ = {
			isa = XCConfigurationList;
			buildConfigurations = (
				D0BCE49F21525914000BCF86 /* Debug */,
				D0BCE4A021525914000BCF86 /* Release */,
			);
			defaultConfigurationIsVisible = 0;
			defaultConfigurationName = Release;
		};
/* End XCConfigurationList section */
	};
	rootObject = D0BCE46821525913000BCF86 /* Project object */;
}
